
Microsoft Visual Studio Solution File, Format Version 12.00
# Visual Studio Version 16
VisualStudioVersion = 16.0.30717.126
MinimumVisualStudioVersion = 10.0.40219.1
Project("{FAE04EC0-301F-11D3-BF4B-00C04F79EFBC}") = "qLogics-Blazor", "qLogics-Blazor.csproj", "{0711E4DA-8FDB-483A-AB08-7515AE164EF3}"
EndProject
Global
	GlobalSection(SolutionConfigurationPlatforms) = preSolution
		Debug|Any CPU = Debug|Any CPU
		Release|Any CPU = Release|Any CPU
	EndGlobalSection
	GlobalSection(ProjectConfigurationPlatforms) = postSolution
		{0711E4DA-8FDB-483A-AB08-7515AE164EF3}.Debug|Any CPU.ActiveCfg = Debug|Any CPU
		{0711E4DA-8FDB-483A-AB08-7515AE164EF3}.Debug|Any CPU.Build.0 = Debug|Any CPU
		{0711E4DA-8FDB-483A-AB08-7515AE164EF3}.Release|Any CPU.ActiveCfg = Release|Any CPU
		{0711E4DA-8FDB-483A-AB08-7515AE164EF3}.Release|Any CPU.Build.0 = Release|Any CPU
	EndGlobalSection
	GlobalSection(SolutionProperties) = preSolution
		HideSolutionNode = FALSE
	EndGlobalSection
	GlobalSection(ExtensibilityGlobals) = postSolution
		SolutionGuid = {AD1D06A4-4FCC-4608-959B-974DC217929E}
	EndGlobalSection
EndGlobal
